
Microsoft Visual Studio Solution File, Format Version 12.00
# Visual Studio 14
VisualStudioVersion = 14.0.23107.0
MinimumVisualStudioVersion = 10.0.40219.1
Project("{E24C65DC-7377-472B-9ABA-BC803B73C61A}") = "codersextension", "..\..\WebSites\codersextension\", "{39719B56-F1F4-448B-A6EC-92F1E23E6FAD}"
	ProjectSection(WebsiteProperties) = preProject
		TargetFrameworkMoniker = ".NETFramework,Version%3Dv4.5.2"
		Debug.AspNetCompiler.VirtualPath = "/localhost_51509"
		Debug.AspNetCompiler.PhysicalPath = "..\..\WebSites\codersextension\"
		Debug.AspNetCompiler.TargetPath = "PrecompiledWeb\localhost_51509\"
		Debug.AspNetCompiler.Updateable = "true"
		Debug.AspNetCompiler.ForceOverwrite = "true"
		Debug.AspNetCompiler.FixedNames = "false"
		Debug.AspNetCompiler.Debug = "True"
		Release.AspNetCompiler.VirtualPath = "/localhost_51509"
		Release.AspNetCompiler.PhysicalPath = "..\..\WebSites\codersextension\"
		Release.AspNetCompiler.TargetPath = "PrecompiledWeb\localhost_51509\"
		Release.AspNetCompiler.Updateable = "true"
		Release.AspNetCompiler.ForceOverwrite = "true"
		Release.AspNetCompiler.FixedNames = "false"
		Release.AspNetCompiler.Debug = "False"
		VWDPort = "51509"
		SlnRelativePath = "..\..\WebSites\codersextension\"
		DefaultWebSiteLanguage = "Visual C#"
	EndProjectSection
EndProject
Global
	GlobalSection(SolutionConfigurationPlatforms) = preSolution
		Debug|Any CPU = Debug|Any CPU
	EndGlobalSection
	GlobalSection(ProjectConfigurationPlatforms) = postSolution
		{39719B56-F1F4-448B-A6EC-92F1E23E6FAD}.Debug|Any CPU.ActiveCfg = Debug|Any CPU
		{39719B56-F1F4-448B-A6EC-92F1E23E6FAD}.Debug|Any CPU.Build.0 = Debug|Any CPU
	EndGlobalSection
	GlobalSection(SolutionProperties) = preSolution
		HideSolutionNode = FALSE
	EndGlobalSection
EndGlobal
